
Microsoft Visual Studio Solution File, Format Version 12.00
# Visual Studio Version 16
VisualStudioVersion = 16.0.30523.141
MinimumVisualStudioVersion = 10.0.40219.1
Project("{FAE04EC0-301F-11D3-BF4B-00C04F79EFBC}") = "WindowsFormsApp4", "WindowsFormsApp4.csproj", "{3DD694E4-431E-482C-85FE-3DE2862C0815}"
EndProject
Global
	GlobalSection(SolutionConfigurationPlatforms) = preSolution
		Debug|Any CPU = Debug|Any CPU
		Release|Any CPU = Release|Any CPU
	EndGlobalSection
	GlobalSection(ProjectConfigurationPlatforms) = postSolution
		{3DD694E4-431E-482C-85FE-3DE2862C0815}.Debug|Any CPU.ActiveCfg = Debug|Any CPU
		{3DD694E4-431E-482C-85FE-3DE2862C0815}.Debug|Any CPU.Build.0 = Debug|Any CPU
		{3DD694E4-431E-482C-85FE-3DE2862C0815}.Release|Any CPU.ActiveCfg = Release|Any CPU
		{3DD694E4-431E-482C-85FE-3DE2862C0815}.Release|Any CPU.Build.0 = Release|Any CPU
	EndGlobalSection
	GlobalSection(SolutionProperties) = preSolution
		HideSolutionNode = FALSE
	EndGlobalSection
	GlobalSection(ExtensibilityGlobals) = postSolution
		SolutionGuid = {1F4018D8-8D2A-45F5-B616-FF156A84F80E}
	EndGlobalSection
EndGlobal
